
Microsoft Visual Studio Solution File, Format Version 12.00
# Visual Studio Version 17
VisualStudioVersion = 17.0.31903.59
MinimumVisualStudioVersion = 10.0.40219.1
Project("{9A19103F-16F7-4668-BE54-9A1E7A4F7556}") = "MvcSuperShop", "MvcSuperShop\MvcSuperShop.csproj", "{DE596C34-1B27-4A15-9858-A2A419333B98}"
EndProject
Project("{9A19103F-16F7-4668-BE54-9A1E7A4F7556}") = "MvcSuperShop.Tests", "MvcSuperShop.Tests\MvcSuperShop.Tests.csproj", "{8FC6B10C-E2B2-4BF0-BD02-5F0C769E5B79}"
EndProject
Project("{FAE04EC0-301F-11D3-BF4B-00C04F79EFBC}") = "MvcSuperShop.UITests", "MvcSuperShop.UITests\MvcSuperShop.UITests.csproj", "{915D68A4-EE5E-48FE-BEBE-6A4B595F1F00}"
EndProject
Global
	GlobalSection(SolutionConfigurationPlatforms) = preSolution
		Debug|Any CPU = Debug|Any CPU
		Release|Any CPU = Release|Any CPU
	EndGlobalSection
	GlobalSection(ProjectConfigurationPlatforms) = postSolution
		{DE596C34-1B27-4A15-9858-A2A419333B98}.Debug|Any CPU.ActiveCfg = Debug|Any CPU
		{DE596C34-1B27-4A15-9858-A2A419333B98}.Debug|Any CPU.Build.0 = Debug|Any CPU
		{DE596C34-1B27-4A15-9858-A2A419333B98}.Release|Any CPU.ActiveCfg = Release|Any CPU
		{DE596C34-1B27-4A15-9858-A2A419333B98}.Release|Any CPU.Build.0 = Release|Any CPU
		{8FC6B10C-E2B2-4BF0-BD02-5F0C769E5B79}.Debug|Any CPU.ActiveCfg = Debug|Any CPU
		{8FC6B10C-E2B2-4BF0-BD02-5F0C769E5B79}.Debug|Any CPU.Build.0 = Debug|Any CPU
		{8FC6B10C-E2B2-4BF0-BD02-5F0C769E5B79}.Release|Any CPU.ActiveCfg = Release|Any CPU
		{8FC6B10C-E2B2-4BF0-BD02-5F0C769E5B79}.Release|Any CPU.Build.0 = Release|Any CPU
		{915D68A4-EE5E-48FE-BEBE-6A4B595F1F00}.Debug|Any CPU.ActiveCfg = Debug|Any CPU
		{915D68A4-EE5E-48FE-BEBE-6A4B595F1F00}.Debug|Any CPU.Build.0 = Debug|Any CPU
		{915D68A4-EE5E-48FE-BEBE-6A4B595F1F00}.Release|Any CPU.ActiveCfg = Release|Any CPU
		{915D68A4-EE5E-48FE-BEBE-6A4B595F1F00}.Release|Any CPU.Build.0 = Release|Any CPU
	EndGlobalSection
	GlobalSection(SolutionProperties) = preSolution
		HideSolutionNode = FALSE
	EndGlobalSection
	GlobalSection(ExtensibilityGlobals) = postSolution
		SolutionGuid = {06DD725A-67CB-49E4-B3D6-66BBE7925476}
	EndGlobalSection
EndGlobal
